// !$*UTF8*$!
{
	archiveVersion = 1;
	classes = {
	};
	objectVersion = 46;
	objects = {

/* Begin PBXBuildFile section */
		B4A6F4A615C0835700F35FFC /* OS.m in Sources */ = {isa = PBXBuildFile; fileRef = B4A6F4A515C0835700F35FFC /* OS.m */; };
		B4CDE7FA158EE77400B430E9 /* UIKit.framework in Frameworks */ = {isa = PBXBuildFile; fileRef = B4CDE7F9158EE77400B430E9 /* UIKit.framework */; };
		B4CDE7FC158EE77400B430E9 /* Foundation.framework in Frameworks */ = {isa = PBXBuildFile; fileRef = B4CDE7FB158EE77400B430E9 /* Foundation.framework */; };
		B4CDE7FE158EE77400B430E9 /* CoreGraphics.framework in Frameworks */ = {isa = PBXBuildFile; fileRef = B4CDE7FD158EE77400B430E9 /* CoreGraphics.framework */; };
		B4CDE804158EE77400B430E9 /* InfoPlist.strings in Resources */ = {isa = PBXBuildFile; fileRef = B4CDE802158EE77400B430E9 /* InfoPlist.strings */; };
		B4CDE806158EE77400B430E9 /* main.m in Sources */ = {isa = PBXBuildFile; fileRef = B4CDE805158EE77400B430E9 /* main.m */; };
		B4CDE80A158EE77400B430E9 /* SimpleTableAppDelegate.m in Sources */ = {isa = PBXBuildFile; fileRef = B4CDE809158EE77400B430E9 /* SimpleTableAppDelegate.m */; };
		B4CDE80D158EE77400B430E9 /* SimpleTableViewController.m in Sources */ = {isa = PBXBuildFile; fileRef = B4CDE80C158EE77400B430E9 /* SimpleTableViewController.m */; };
		B4CDE810158EE77400B430E9 /* SimpleTableViewController.xib in Resources */ = {isa = PBXBuildFile; fileRef = B4CDE80E158EE77400B430E9 /* SimpleTableViewController.xib */; };
		B4CDE817158EF57000B430E9 /* snow_leopard.png in Resources */ = {isa = PBXBuildFile; fileRef = B4CDE816158EF57000B430E9 /* snow_leopard.png */; };
		B4CDE81E158EF9B300B430E9 /* Lion.jpg in Resources */ = {isa = PBXBuildFile; fileRef = B4CDE81C158EF9B300B430E9 /* Lion.jpg */; };
		B4CDE81F158EF9B300B430E9 /* MoutainLion.jpg in Resources */ = {isa = PBXBuildFile; fileRef = B4CDE81D158EF9B300B430E9 /* MoutainLion.jpg */; };
		B4CDE821158EFB4B00B430E9 /* SimpleTableCell.xib in Resources */ = {isa = PBXBuildFile; fileRef = B4CDE820158EFB4B00B430E9 /* SimpleTableCell.xib */; };
		B4CDE824158F001500B430E9 /* SimpleTableCell.m in Sources */ = {isa = PBXBuildFile; fileRef = B4CDE823158F001500B430E9 /* SimpleTableCell.m */; };
		B4CDE82C158F38AE00B430E9 /* recipes.plist in Resources */ = {isa = PBXBuildFile; fileRef = B4CDE82B158F38AE00B430E9 /* recipes.plist */; };
		B4CDE830158F3FA400B430E9 /* Splash.png in Resources */ = {isa = PBXBuildFile; fileRef = B4CDE82F158F3FA400B430E9 /* Splash.png */; };
/* End PBXBuildFile section */

/* Begin PBXFileReference section */
		B4A6F4A415C0835700F35FFC /* OS.h */ = {isa = PBXFileReference; fileEncoding = 4; lastKnownFileType = sourcecode.c.h; path = OS.h; sourceTree = "<group>"; };
		B4A6F4A515C0835700F35FFC /* OS.m */ = {isa = PBXFileReference; fileEncoding = 4; lastKnownFileType = sourcecode.c.objc; path = OS.m; sourceTree = "<group>"; };
		B4CDE7F5158EE77400B430E9 /* SimpleTable.app */ = {isa = PBXFileReference; explicitFileType = wrapper.application; includeInIndex = 0; path = SimpleTable.app; sourceTree = BUILT_PRODUCTS_DIR; };
		B4CDE7F9158EE77400B430E9 /* UIKit.framework */ = {isa = PBXFileReference; lastKnownFileType = wrapper.framework; name = UIKit.framework; path = System/Library/Frameworks/UIKit.framework; sourceTree = SDKROOT; };
		B4CDE7FB158EE77400B430E9 /* Foundation.framework */ = {isa = PBXFileReference; lastKnownFileType = wrapper.framework; name = Foundation.framework; path = System/Library/Frameworks/Foundation.framework; sourceTree = SDKROOT; };
		B4CDE7FD158EE77400B430E9 /* CoreGraphics.framework */ = {isa = PBXFileReference; lastKnownFileType = wrapper.framework; name = CoreGraphics.framework; path = System/Library/Frameworks/CoreGraphics.framework; sourceTree = SDKROOT; };
		B4CDE801158EE77400B430E9 /* SimpleTable-Info.plist */ = {isa = PBXFileReference; lastKnownFileType = text.plist.xml; path = "SimpleTable-Info.plist"; sourceTree = "<group>"; };
		B4CDE803158EE77400B430E9 /* en */ = {isa = PBXFileReference; lastKnownFileType = text.plist.strings; name = en; path = en.lproj/InfoPlist.strings; sourceTree = "<group>"; };
		B4CDE805158EE77400B430E9 /* main.m */ = {isa = PBXFileReference; lastKnownFileType = sourcecode.c.objc; path = main.m; sourceTree = "<group>"; };
		B4CDE807158EE77400B430E9 /* SimpleTable-Prefix.pch */ = {isa = PBXFileReference; lastKnownFileType = sourcecode.c.h; path = "SimpleTable-Prefix.pch"; sourceTree = "<group>"; };
		B4CDE808158EE77400B430E9 /* SimpleTableAppDelegate.h */ = {isa = PBXFileReference; lastKnownFileType = sourcecode.c.h; path = SimpleTableAppDelegate.h; sourceTree = "<group>"; };
		B4CDE809158EE77400B430E9 /* SimpleTableAppDelegate.m */ = {isa = PBXFileReference; lastKnownFileType = sourcecode.c.objc; path = SimpleTableAppDelegate.m; sourceTree = "<group>"; };
		B4CDE80B158EE77400B430E9 /* SimpleTableViewController.h */ = {isa = PBXFileReference; lastKnownFileType = sourcecode.c.h; path = SimpleTableViewController.h; sourceTree = "<group>"; };
		B4CDE80C158EE77400B430E9 /* SimpleTableViewController.m */ = {isa = PBXFileReference; lastKnownFileType = sourcecode.c.objc; path = SimpleTableViewController.m; sourceTree = "<group>"; };
		B4CDE80F158EE77400B430E9 /* en */ = {isa = PBXFileReference; lastKnownFileType = file.xib; name = en; path = en.lproj/SimpleTableViewController.xib; sourceTree = "<group>"; };
		B4CDE816158EF57000B430E9 /* snow_leopard.png */ = {isa = PBXFileReference; lastKnownFileType = image.png; path = snow_leopard.png; sourceTree = "<group>"; };
		B4CDE81C158EF9B300B430E9 /* Lion.jpg */ = {isa = PBXFileReference; lastKnownFileType = image.jpeg; path = Lion.jpg; sourceTree = "<group>"; };
		B4CDE81D158EF9B300B430E9 /* MoutainLion.jpg */ = {isa = PBXFileReference; lastKnownFileType = image.jpeg; path = MoutainLion.jpg; sourceTree = "<group>"; };
		B4CDE820158EFB4B00B430E9 /* SimpleTableCell.xib */ = {isa = PBXFileReference; fileEncoding = 4; lastKnownFileType = file.xib; path = SimpleTableCell.xib; sourceTree = "<group>"; };
		B4CDE822158F001500B430E9 /* SimpleTableCell.h */ = {isa = PBXFileReference; fileEncoding = 4; lastKnownFileType = sourcecode.c.h; path = SimpleTableCell.h; sourceTree = "<group>"; };
		B4CDE823158F001500B430E9 /* SimpleTableCell.m */ = {isa = PBXFileReference; fileEncoding = 4; lastKnownFileType = sourcecode.c.objc; path = SimpleTableCell.m; sourceTree = "<group>"; };
		B4CDE82B158F38AE00B430E9 /* recipes.plist */ = {isa = PBXFileReference; fileEncoding = 4; lastKnownFileType = text.plist.xml; path = recipes.plist; sourceTree = "<group>"; };
		B4CDE82F158F3FA400B430E9 /* Splash.png */ = {isa = PBXFileReference; lastKnownFileType = image.png; path = Splash.png; sourceTree = "<group>"; };
/* End PBXFileReference section */

/* Begin PBXFrameworksBuildPhase section */
		B4CDE7F2158EE77400B430E9 /* Frameworks */ = {
			isa = PBXFrameworksBuildPhase;
			buildActionMask = 2147483647;
			files = (
				B4CDE7FA158EE77400B430E9 /* UIKit.framework in Frameworks */,
				B4CDE7FC158EE77400B430E9 /* Foundation.framework in Frameworks */,
				B4CDE7FE158EE77400B430E9 /* CoreGraphics.framework in Frameworks */,
			);
			runOnlyForDeploymentPostprocessing = 0;
		};
/* End PBXFrameworksBuildPhase section */

/* Begin PBXGroup section */
		B4CDE7EA158EE77400B430E9 = {
			isa = PBXGroup;
			children = (
				B4CDE82F158F3FA400B430E9 /* Splash.png */,
				B4CDE82B158F38AE00B430E9 /* recipes.plist */,
				B4CDE822158F001500B430E9 /* SimpleTableCell.h */,
				B4CDE823158F001500B430E9 /* SimpleTableCell.m */,
				B4CDE820158EFB4B00B430E9 /* SimpleTableCell.xib */,
				B4CDE81C158EF9B300B430E9 /* Lion.jpg */,
				B4CDE81D158EF9B300B430E9 /* MoutainLion.jpg */,
				B4CDE816158EF57000B430E9 /* snow_leopard.png */,
				B4CDE7FF158EE77400B430E9 /* SimpleTable */,
				B4CDE7F8158EE77400B430E9 /* Frameworks */,
				B4CDE7F6158EE77400B430E9 /* Products */,
			);
			sourceTree = "<group>";
		};
		B4CDE7F6158EE77400B430E9 /* Products */ = {
			isa = PBXGroup;
			children = (
				B4CDE7F5158EE77400B430E9 /* SimpleTable.app */,
			);
			name = Products;
			sourceTree = "<group>";
		};
		B4CDE7F8158EE77400B430E9 /* Frameworks */ = {
			isa = PBXGroup;
			children = (
				B4CDE7F9158EE77400B430E9 /* UIKit.framework */,
				B4CDE7FB158EE77400B430E9 /* Foundation.framework */,
				B4CDE7FD158EE77400B430E9 /* CoreGraphics.framework */,
			);
			name = Frameworks;
			sourceTree = "<group>";
		};
		B4CDE7FF158EE77400B430E9 /* SimpleTable */ = {
			isa = PBXGroup;
			children = (
				B4CDE808158EE77400B430E9 /* SimpleTableAppDelegate.h */,
				B4CDE809158EE77400B430E9 /* SimpleTableAppDelegate.m */,
				B4CDE80B158EE77400B430E9 /* SimpleTableViewController.h */,
				B4CDE80C158EE77400B430E9 /* SimpleTableViewController.m */,
				B4A6F4A415C0835700F35FFC /* OS.h */,
				B4A6F4A515C0835700F35FFC /* OS.m */,
				B4CDE80E158EE77400B430E9 /* SimpleTableViewController.xib */,
				B4CDE800158EE77400B430E9 /* Supporting Files */,
			);
			path = SimpleTable;
			sourceTree = "<group>";
		};
		B4CDE800158EE77400B430E9 /* Supporting Files */ = {
			isa = PBXGroup;
			children = (
				B4CDE801158EE77400B430E9 /* SimpleTable-Info.plist */,
				B4CDE802158EE77400B430E9 /* InfoPlist.strings */,
				B4CDE805158EE77400B430E9 /* main.m */,
				B4CDE807158EE77400B430E9 /* SimpleTable-Prefix.pch */,
			);
			name = "Supporting Files";
			sourceTree = "<group>";
		};
/* End PBXGroup section */

/* Begin PBXNativeTarget section */
		B4CDE7F4158EE77400B430E9 /* SimpleTable */ = {
			isa = PBXNativeTarget;
			buildConfigurationList = B4CDE813158EE77400B430E9 /* Build configuration list for PBXNativeTarget "SimpleTable" */;
			buildPhases = (
				B4CDE7F1158EE77400B430E9 /* Sources */,
				B4CDE7F2158EE77400B430E9 /* Frameworks */,
				B4CDE7F3158EE77400B430E9 /* Resources */,
			);
			buildRules = (
			);
			dependencies = (
			);
			name = SimpleTable;
			productName = SimpleTable;
			productReference = B4CDE7F5158EE77400B430E9 /* SimpleTable.app */;
			productType = "com.apple.product-type.application";
		};
/* End PBXNativeTarget section */

/* Begin PBXProject section */
		B4CDE7EC158EE77400B430E9 /* Project object */ = {
			isa = PBXProject;
			attributes = {
				LastUpgradeCheck = 0420;
			};
			buildConfigurationList = B4CDE7EF158EE77400B430E9 /* Build configuration list for PBXProject "SimpleTable" */;
			compatibilityVersion = "Xcode 3.2";
			developmentRegion = English;
			hasScannedForEncodings = 0;
			knownRegions = (
				en,
			);
			mainGroup = B4CDE7EA158EE77400B430E9;
			productRefGroup = B4CDE7F6158EE77400B430E9 /* Products */;
			projectDirPath = "";
			projectRoot = "";
			targets = (
				B4CDE7F4158EE77400B430E9 /* SimpleTable */,
			);
		};
/* End PBXProject section */

/* Begin PBXResourcesBuildPhase section */
		B4CDE7F3158EE77400B430E9 /* Resources */ = {
			isa = PBXResourcesBuildPhase;
			buildActionMask = 2147483647;
			files = (
				B4CDE804158EE77400B430E9 /* InfoPlist.strings in Resources */,
				B4CDE810158EE77400B430E9 /* SimpleTableViewController.xib in Resources */,
				B4CDE817158EF57000B430E9 /* snow_leopard.png in Resources */,
				B4CDE81E158EF9B300B430E9 /* Lion.jpg in Resources */,
				B4CDE81F158EF9B300B430E9 /* MoutainLion.jpg in Resources */,
				B4CDE821158EFB4B00B430E9 /* SimpleTableCell.xib in Resources */,
				B4CDE82C158F38AE00B430E9 /* recipes.plist in Resources */,
				B4CDE830158F3FA400B430E9 /* Splash.png in Resources */,
			);
			runOnlyForDeploymentPostprocessing = 0;
		};
/* End PBXResourcesBuildPhase section */

/* Begin PBXSourcesBuildPhase section */
		B4CDE7F1158EE77400B430E9 /* Sources */ = {
			isa = PBXSourcesBuildPhase;
			buildActionMask = 2147483647;
			files = (
				B4CDE806158EE77400B430E9 /* main.m in Sources */,
				B4CDE80A158EE77400B430E9 /* SimpleTableAppDelegate.m in Sources */,
				B4CDE80D158EE77400B430E9 /* SimpleTableViewController.m in Sources */,
				B4CDE824158F001500B430E9 /* SimpleTableCell.m in Sources */,
				B4A6F4A615C0835700F35FFC /* OS.m in Sources */,
			);
			runOnlyForDeploymentPostprocessing = 0;
		};
/* End PBXSourcesBuildPhase section */

/* Begin PBXVariantGroup section */
		B4CDE802158EE77400B430E9 /* InfoPlist.strings */ = {
			isa = PBXVariantGroup;
			children = (
				B4CDE803158EE77400B430E9 /* en */,
			);
			name = InfoPlist.strings;
			sourceTree = "<group>";
		};
		B4CDE80E158EE77400B430E9 /* SimpleTableViewController.xib */ = {
			isa = PBXVariantGroup;
			children = (
				B4CDE80F158EE77400B430E9 /* en */,
			);
			name = SimpleTableViewController.xib;
			sourceTree = "<group>";
		};
/* End PBXVariantGroup section */

/* Begin XCBuildConfiguration section */
		B4CDE811158EE77400B430E9 /* Debug */ = {
			isa = XCBuildConfiguration;
			buildSettings = {
				ALWAYS_SEARCH_USER_PATHS = NO;
				ARCHS = "$(ARCHS_STANDARD_32_BIT)";
				CLANG_ENABLE_OBJC_ARC = YES;
				"CODE_SIGN_IDENTITY[sdk=iphoneos*]" = "iPhone Developer";
				COPY_PHASE_STRIP = NO;
				GCC_C_LANGUAGE_STANDARD = gnu99;
				GCC_DYNAMIC_NO_PIC = NO;
				GCC_OPTIMIZATION_LEVEL = 0;
				GCC_PREPROCESSOR_DEFINITIONS = (
					"DEBUG=1",
					"$(inherited)",
				);
				GCC_SYMBOLS_PRIVATE_EXTERN = NO;
				GCC_VERSION = com.apple.compilers.llvm.clang.1_0;
				GCC_WARN_ABOUT_MISSING_PROTOTYPES = YES;
				GCC_WARN_ABOUT_RETURN_TYPE = YES;
				GCC_WARN_UNUSED_VARIABLE = YES;
				IPHONEOS_DEPLOYMENT_TARGET = 5.0;
				SDKROOT = iphoneos;
			};
			name = Debug;
		};
		B4CDE812158EE77400B430E9 /* Release */ = {
			isa = XCBuildConfiguration;
			buildSettings = {
				ALWAYS_SEARCH_USER_PATHS = NO;
				ARCHS = "$(ARCHS_STANDARD_32_BIT)";
				CLANG_ENABLE_OBJC_ARC = YES;
				"CODE_SIGN_IDENTITY[sdk=iphoneos*]" = "iPhone Developer";
				COPY_PHASE_STRIP = YES;
				GCC_C_LANGUAGE_STANDARD = gnu99;
				GCC_VERSION = com.apple.compilers.llvm.clang.1_0;
				GCC_WARN_ABOUT_MISSING_PROTOTYPES = YES;
				GCC_WARN_ABOUT_RETURN_TYPE = YES;
				GCC_WARN_UNUSED_VARIABLE = YES;
				IPHONEOS_DEPLOYMENT_TARGET = 5.0;
				OTHER_CFLAGS = "-DNS_BLOCK_ASSERTIONS=1";
				SDKROOT = iphoneos;
				VALIDATE_PRODUCT = YES;
			};
			name = Release;
		};
		B4CDE814158EE77400B430E9 /* Debug */ = {
			isa = XCBuildConfiguration;
			buildSettings = {
				GCC_PRECOMPILE_PREFIX_HEADER = YES;
				GCC_PREFIX_HEADER = "SimpleTable/SimpleTable-Prefix.pch";
				INFOPLIST_FILE = "SimpleTable/SimpleTable-Info.plist";
				PRODUCT_NAME = "$(TARGET_NAME)";
				WRAPPER_EXTENSION = app;
			};
			name = Debug;
		};
		B4CDE815158EE77400B430E9 /* Release */ = {
			isa = XCBuildConfiguration;
			buildSettings = {
				GCC_PRECOMPILE_PREFIX_HEADER = YES;
				GCC_PREFIX_HEADER = "SimpleTable/SimpleTable-Prefix.pch";
				INFOPLIST_FILE = "SimpleTable/SimpleTable-Info.plist";
				PRODUCT_NAME = "$(TARGET_NAME)";
				WRAPPER_EXTENSION = app;
			};
			name = Release;
		};
/* End XCBuildConfiguration section */

/* Begin XCConfigurationList section */
		B4CDE7EF158EE77400B430E9 /* Build configuration list for PBXProject "SimpleTable" */ = {
			isa = XCConfigurationList;
			buildConfigurations = (
				B4CDE811158EE77400B430E9 /* Debug */,
				B4CDE812158EE77400B430E9 /* Release */,
			);
			defaultConfigurationIsVisible = 0;
			defaultConfigurationName = Release;
		};
		B4CDE813158EE77400B430E9 /* Build configuration list for PBXNativeTarget "SimpleTable" */ = {
			isa = XCConfigurationList;
			buildConfigurations = (
				B4CDE814158EE77400B430E9 /* Debug */,
				B4CDE815158EE77400B430E9 /* Release */,
			);
			defaultConfigurationIsVisible = 0;
			defaultConfigurationName = Release;
		};
/* End XCConfigurationList section */
	};
	rootObject = B4CDE7EC158EE77400B430E9 /* Project object */;
}
